cookbook 'apt', :locked_version => '1.7.0'
cookbook 'database', :locked_version => '1.3.12'
cookbook 'rbenv', :locked_version => '1.4.1'
cookbook 'imagemagick', :locked_version => '0.2.2'
cookbook 'set_locale', :path => '/Users/guidomb/Documents/projects/wolox/rails-env/config/chef/cookbooks/set_locale'
cookbook 'postgresql_server_utf8', :path => '/Users/guidomb/Documents/projects/wolox/rails-env/config/chef/cookbooks/postgresql_server_utf8'
cookbook 'rails_env', :path => '/Users/guidomb/Documents/projects/wolox/rails-env/config/chef/cookbooks/rails_env'
cookbook 'mysql', :locked_version => '2.1.2'
cookbook 'openssl', :locked_version => '1.0.0'
cookbook 'build-essential', :locked_version => '1.3.2'
cookbook 'postgresql', :locked_version => '2.2.2'
cookbook 'aws', :locked_version => '0.100.6'
cookbook 'xfs', :locked_version => '1.1.0'
cookbook 'git', :locked_version => '2.1.2'
cookbook 'dmg', :locked_version => '1.1.0'
cookbook 'runit', :locked_version => '0.16.2'
cookbook 'yum', :locked_version => '2.0.6'
cookbook 'windows', :locked_version => '1.7.0'
cookbook 'chef_handler', :locked_version => '1.1.2'
cookbook 'ohai', :locked_version => '1.1.6'